
Microsoft Visual Studio Solution File, Format Version 12.00
# Visual Studio Version 17
VisualStudioVersion = 17.11.35312.102
MinimumVisualStudioVersion = 10.0.40219.1
Project("{FAE04EC0-301F-11D3-BF4B-00C04F79EFBC}") = "FormularzRejestracyjny", "FormularzRejestracyjny\FormularzRejestracyjny.csproj", "{8425DE22-6980-4BA7-B8B7-01E8D0D2999B}"
EndProject
Global
	GlobalSection(SolutionConfigurationPlatforms) = preSolution
		Debug|Any CPU = Debug|Any CPU
		Release|Any CPU = Release|Any CPU
	EndGlobalSection
	GlobalSection(ProjectConfigurationPlatforms) = postSolution
		{8425DE22-6980-4BA7-B8B7-01E8D0D2999B}.Debug|Any CPU.ActiveCfg = Debug|Any CPU
		{8425DE22-6980-4BA7-B8B7-01E8D0D2999B}.Debug|Any CPU.Build.0 = Debug|Any CPU
		{8425DE22-6980-4BA7-B8B7-01E8D0D2999B}.Release|Any CPU.ActiveCfg = Release|Any CPU
		{8425DE22-6980-4BA7-B8B7-01E8D0D2999B}.Release|Any CPU.Build.0 = Release|Any CPU
	EndGlobalSection
	GlobalSection(SolutionProperties) = preSolution
		HideSolutionNode = FALSE
	EndGlobalSection
	GlobalSection(ExtensibilityGlobals) = postSolution
		SolutionGuid = {8F9E3261-A8C0-48AD-9625-89B016373B22}
	EndGlobalSection
EndGlobal
